{
  "object": {
    "pins": [
      {
        "package": "AmitySDK",
        "repositoryURL": "https://github.com/AmityCo/Amity-Social-Cloud-SDK-iOS-SwiftPM",
        "state": {
          "branch": null,
          "revision": "85d8bd51a352725fbc0d216b25ea70e88cd4cfaf",
          "version": "5.17.0"
        }
      },
      {
        "package": "SDWebImage",
        "repositoryURL": "https://github.com/SDWebImage/SDWebImage.git",
        "state": {
          "branch": null,
          "revision": "2e63d0061da449ad0ed130768d05dceb1496de44",
          "version": "5.12.5"
        }
      }
    ]
  },
  "version": 1
}
